
Microsoft Visual Studio Solution File, Format Version 12.00
Project("{FAE04EC0-301F-11D3-BF4B-00C04F79EFBC}") = "Presentation", "Presentation\Presentation.csproj", "{488BD2EA-6A58-4159-96D0-CA98D75493D4}"
EndProject
Project("{FAE04EC0-301F-11D3-BF4B-00C04F79EFBC}") = "Domain", "Domain\Domain.csproj", "{C5D70B46-108E-43B3-B10A-604BD78AC0DF}"
EndProject
Project("{FAE04EC0-301F-11D3-BF4B-00C04F79EFBC}") = "DAL", "DAL\DAL.csproj", "{6B48796D-470C-4A31-9AF7-EBC66B4F9664}"
EndProject
Project("{FAE04EC0-301F-11D3-BF4B-00C04F79EFBC}") = "Utils", "Utils\Utils.csproj", "{77B3A9A0-6208-4C9B-81B7-5BECB9C414AC}"
EndProject
Global
	GlobalSection(SolutionConfigurationPlatforms) = preSolution
		Debug|Any CPU = Debug|Any CPU
		Release|Any CPU = Release|Any CPU
	EndGlobalSection
	GlobalSection(ProjectConfigurationPlatforms) = postSolution
		{488BD2EA-6A58-4159-96D0-CA98D75493D4}.Debug|Any CPU.ActiveCfg = Debug|Any CPU
		{488BD2EA-6A58-4159-96D0-CA98D75493D4}.Debug|Any CPU.Build.0 = Debug|Any CPU
		{488BD2EA-6A58-4159-96D0-CA98D75493D4}.Release|Any CPU.ActiveCfg = Release|Any CPU
		{488BD2EA-6A58-4159-96D0-CA98D75493D4}.Release|Any CPU.Build.0 = Release|Any CPU
		{C5D70B46-108E-43B3-B10A-604BD78AC0DF}.Debug|Any CPU.ActiveCfg = Debug|Any CPU
		{C5D70B46-108E-43B3-B10A-604BD78AC0DF}.Debug|Any CPU.Build.0 = Debug|Any CPU
		{C5D70B46-108E-43B3-B10A-604BD78AC0DF}.Release|Any CPU.ActiveCfg = Release|Any CPU
		{C5D70B46-108E-43B3-B10A-604BD78AC0DF}.Release|Any CPU.Build.0 = Release|Any CPU
		{6B48796D-470C-4A31-9AF7-EBC66B4F9664}.Debug|Any CPU.ActiveCfg = Debug|Any CPU
		{6B48796D-470C-4A31-9AF7-EBC66B4F9664}.Debug|Any CPU.Build.0 = Debug|Any CPU
		{6B48796D-470C-4A31-9AF7-EBC66B4F9664}.Release|Any CPU.ActiveCfg = Release|Any CPU
		{6B48796D-470C-4A31-9AF7-EBC66B4F9664}.Release|Any CPU.Build.0 = Release|Any CPU
		{77B3A9A0-6208-4C9B-81B7-5BECB9C414AC}.Debug|Any CPU.ActiveCfg = Debug|Any CPU
		{77B3A9A0-6208-4C9B-81B7-5BECB9C414AC}.Debug|Any CPU.Build.0 = Debug|Any CPU
		{77B3A9A0-6208-4C9B-81B7-5BECB9C414AC}.Release|Any CPU.ActiveCfg = Release|Any CPU
		{77B3A9A0-6208-4C9B-81B7-5BECB9C414AC}.Release|Any CPU.Build.0 = Release|Any CPU
	EndGlobalSection
EndGlobal
